PODS:
  - TesseractOCRiOS (4.0.0)

DEPENDENCIES:
  - TesseractOCRiOS (= 4.0.0)

SPEC REPOS:
  https://github.com/cocoapods/specs.git:
    - TesseractOCRiOS

SPEC CHECKSUMS:
  TesseractOCRiOS: 90638afbe43d082433f2e76b384c7901d23956df

PODFILE CHECKSUM: 4c8246bc9d08bdef7ab54c8129c4061ab5b3a0e2

COCOAPODS: 1.6.1
